
Microsoft Visual Studio Solution File, Format Version 12.00
# Visual Studio Version 17
VisualStudioVersion = 17.9.34902.65
MinimumVisualStudioVersion = 10.0.40219.1
Project("{FAE04EC0-301F-11D3-BF4B-00C04F79EFBC}") = "Image Gallery_forms", "Image Gallery_forms\Image Gallery_forms.csproj", "{910651F1-D7ED-480E-AC40-2AF147A24A61}"
EndProject
Global
	GlobalSection(SolutionConfigurationPlatforms) = preSolution
		Debug|Any CPU = Debug|Any CPU
		Release|Any CPU = Release|Any CPU
	EndGlobalSection
	GlobalSection(ProjectConfigurationPlatforms) = postSolution
		{910651F1-D7ED-480E-AC40-2AF147A24A61}.Debug|Any CPU.ActiveCfg = Debug|Any CPU
		{910651F1-D7ED-480E-AC40-2AF147A24A61}.Debug|Any CPU.Build.0 = Debug|Any CPU
		{910651F1-D7ED-480E-AC40-2AF147A24A61}.Release|Any CPU.ActiveCfg = Release|Any CPU
		{910651F1-D7ED-480E-AC40-2AF147A24A61}.Release|Any CPU.Build.0 = Release|Any CPU
	EndGlobalSection
	GlobalSection(SolutionProperties) = preSolution
		HideSolutionNode = FALSE
	EndGlobalSection
	GlobalSection(ExtensibilityGlobals) = postSolution
		SolutionGuid = {AC5618B0-FF71-402E-8D4C-7AAF4A940EA2}
	EndGlobalSection
EndGlobal
